
Microsoft Visual Studio Solution File, Format Version 9.00
# Visual Studio 2005
Project("{FAE04EC0-301F-11D3-BF4B-00C04F79EFBC}") = "Owasp.Esapi", "Owasp.Esapi\Owasp.Esapi.csproj", "{540E261B-7D6B-43CA-93B0-6C132DE72729}"
EndProject
Project("{FAE04EC0-301F-11D3-BF4B-00C04F79EFBC}") = "Owasp.Esapi.Test", "Owasp.Esapi.Test\Owasp.Esapi.Test.csproj", "{441B2E65-7054-431F-81F8-AFA65DA8F1CB}"
EndProject
Project("{2150E333-8FDC-42A3-9474-1A3956D46DE8}") = "Dependencies", "Dependencies", "{89F0287D-A4F0-4A57-94C9-744C7C3AAC67}"
	ProjectSection(SolutionItems) = preProject
		Dependencies\AntiSamy.dll = Dependencies\AntiSamy.dll
		Dependencies\AntiXssLibrary.dll = Dependencies\AntiXssLibrary.dll
		Dependencies\CSRFGuard.dll = Dependencies\CSRFGuard.dll
		Dependencies\HtmlAgilityPack.dll = Dependencies\HtmlAgilityPack.dll
		Dependencies\log4net.dll = Dependencies\log4net.dll
		Dependencies\log4net.xml = Dependencies\log4net.xml
		Dependencies\NGenerics.dll = Dependencies\NGenerics.dll
		Dependencies\nunit.core.dll = Dependencies\nunit.core.dll
		Dependencies\nunit.core.interfaces.dll = Dependencies\nunit.core.interfaces.dll
		Dependencies\nunit.framework.dll = Dependencies\nunit.framework.dll
	EndProjectSection
EndProject
Project("{FAE04EC0-301F-11D3-BF4B-00C04F79EFBC}") = "HttpInterfaces", "HttpInterfaces\HttpInterfaces.csproj", "{40765C72-70B0-43EB-B667-67409205BE1D}"
EndProject
Project("{FAE04EC0-301F-11D3-BF4B-00C04F79EFBC}") = "DeftTech.DuckTyping", "DuckTyping\DeftTech.DuckTyping.csproj", "{6A9688F0-7DDB-4E98-A47A-9CCE83225423}"
EndProject
Global
	GlobalSection(SolutionConfigurationPlatforms) = preSolution
		Debug|Any CPU = Debug|Any CPU
		Release|Any CPU = Release|Any CPU
	EndGlobalSection
	GlobalSection(ProjectConfigurationPlatforms) = postSolution
		{540E261B-7D6B-43CA-93B0-6C132DE72729}.Debug|Any CPU.ActiveCfg = Debug|Any CPU
		{540E261B-7D6B-43CA-93B0-6C132DE72729}.Debug|Any CPU.Build.0 = Debug|Any CPU
		{540E261B-7D6B-43CA-93B0-6C132DE72729}.Release|Any CPU.ActiveCfg = Release|Any CPU
		{540E261B-7D6B-43CA-93B0-6C132DE72729}.Release|Any CPU.Build.0 = Release|Any CPU
		{441B2E65-7054-431F-81F8-AFA65DA8F1CB}.Debug|Any CPU.ActiveCfg = Debug|Any CPU
		{441B2E65-7054-431F-81F8-AFA65DA8F1CB}.Debug|Any CPU.Build.0 = Debug|Any CPU
		{441B2E65-7054-431F-81F8-AFA65DA8F1CB}.Release|Any CPU.ActiveCfg = Release|Any CPU
		{441B2E65-7054-431F-81F8-AFA65DA8F1CB}.Release|Any CPU.Build.0 = Release|Any CPU
		{40765C72-70B0-43EB-B667-67409205BE1D}.Debug|Any CPU.ActiveCfg = Debug|Any CPU
		{40765C72-70B0-43EB-B667-67409205BE1D}.Debug|Any CPU.Build.0 = Debug|Any CPU
		{40765C72-70B0-43EB-B667-67409205BE1D}.Release|Any CPU.ActiveCfg = Release|Any CPU
		{40765C72-70B0-43EB-B667-67409205BE1D}.Release|Any CPU.Build.0 = Release|Any CPU
		{6A9688F0-7DDB-4E98-A47A-9CCE83225423}.Debug|Any CPU.ActiveCfg = Debug|Any CPU
		{6A9688F0-7DDB-4E98-A47A-9CCE83225423}.Debug|Any CPU.Build.0 = Debug|Any CPU
		{6A9688F0-7DDB-4E98-A47A-9CCE83225423}.Release|Any CPU.ActiveCfg = Release|Any CPU
		{6A9688F0-7DDB-4E98-A47A-9CCE83225423}.Release|Any CPU.Build.0 = Release|Any CPU
	EndGlobalSection
	GlobalSection(SolutionProperties) = preSolution
		HideSolutionNode = FALSE
	EndGlobalSection
	GlobalSection(NestedProjects) = preSolution
		{40765C72-70B0-43EB-B667-67409205BE1D} = {89F0287D-A4F0-4A57-94C9-744C7C3AAC67}
		{6A9688F0-7DDB-4E98-A47A-9CCE83225423} = {89F0287D-A4F0-4A57-94C9-744C7C3AAC67}
	EndGlobalSection
EndGlobal
